
Microsoft Visual Studio Solution File, Format Version 12.00
# Visual Studio Version 16
VisualStudioVersion = 16.0.30413.136
MinimumVisualStudioVersion = 10.0.40219.1
Project("{FAE04EC0-301F-11D3-BF4B-00C04F79EFBC}") = "Samostoyalka", "Samostoyalka.csproj", "{240435B2-988B-4D28-B1B3-DDC73D567BFF}"
EndProject
Global
	GlobalSection(SolutionConfigurationPlatforms) = preSolution
		Debug|Any CPU = Debug|Any CPU
		Release|Any CPU = Release|Any CPU
	EndGlobalSection
	GlobalSection(ProjectConfigurationPlatforms) = postSolution
		{240435B2-988B-4D28-B1B3-DDC73D567BFF}.Debug|Any CPU.ActiveCfg = Debug|Any CPU
		{240435B2-988B-4D28-B1B3-DDC73D567BFF}.Debug|Any CPU.Build.0 = Debug|Any CPU
		{240435B2-988B-4D28-B1B3-DDC73D567BFF}.Release|Any CPU.ActiveCfg = Release|Any CPU
		{240435B2-988B-4D28-B1B3-DDC73D567BFF}.Release|Any CPU.Build.0 = Release|Any CPU
	EndGlobalSection
	GlobalSection(SolutionProperties) = preSolution
		HideSolutionNode = FALSE
	EndGlobalSection
	GlobalSection(ExtensibilityGlobals) = postSolution
		SolutionGuid = {8A6D816D-DCF7-4C29-89D6-C6D5CE75841C}
	EndGlobalSection
EndGlobal
